<?xml version="1.0" encoding="UTF-8" standalone="yes" ?>
<CodeBlocks_project_file>
	<FileVersion major="1" minor="6" />
	<Project>
		<Option title="Gatehouse Rewrite" />
		<Option pch_mode="2" />
		<Option compiler="gnu_gcc_w64" />
		<Option virtualFolders="allegro\;global\;external\;area\;being\;" />
		<Build>
			<Target title="Debug">
				<Option output="bin/Debug/Gatehouse Rewrite" prefix_auto="1" extension_auto="1" />
				<Option object_output="obj/Debug/" />
				<Option type="1" />
				<Option compiler="gnu_gcc_w64" />
				<Compiler>
					<Add option="-std=c++11" />
					<Add option="-g" />
					<Add directory="../../Libraries/Allegro/Allegro5/include" />
					<Add directory="../../Libraries/boost_1_63_0/boost_1_63_0" />
				</Compiler>
				<Linker>
					<Add option="-lallegro-5.0.10-monolith-mt" />
					<Add library="../../Libraries/boost_1_63_0/boost_1_63_0/stage/lib/libboost_filesystem-mgw53-mt-1_63.a" />
					<Add library="../../Libraries/boost_1_63_0/boost_1_63_0/stage/lib/libboost_serialization-mgw53-mt-1_63.a" />
					<Add library="../../Libraries/boost_1_63_0/boost_1_63_0/stage/lib/libboost_random-mgw53-mt-1_63.a" />
					<Add library="../../Libraries/boost_1_63_0/boost_1_63_0/stage/lib/libboost_system-mgw53-mt-1_63.a" />
					<Add directory="../../Libraries/Allegro/Allegro5/lib" />
					<Add directory="../../Libraries/Boost/boost_1_63_0/boost_1_63_0/libs" />
				</Linker>
			</Target>
			<Target title="Release">
				<Option output="bin/Release/Gatehouse Rewrite" prefix_auto="1" extension_auto="1" />
				<Option object_output="obj/Release/" />
				<Option type="1" />
				<Option compiler="gnu_gcc_w64" />
				<Compiler>
					<Add option="-O2" />
				</Compiler>
				<Linker>
					<Add option="-s" />
				</Linker>
			</Target>
		</Build>
		<Compiler>
			<Add option="-Wall" />
			<Add option="-std=c++14" />
		</Compiler>
		<Unit filename="actor.cpp">
			<Option virtualFolder="being/" />
		</Unit>
		<Unit filename="actor.h">
			<Option virtualFolder="being/" />
		</Unit>
		<Unit filename="allegrocustom.cpp">
			<Option virtualFolder="allegro/" />
		</Unit>
		<Unit filename="allegrocustom.h">
			<Option link="1" />
			<Option virtualFolder="allegro/" />
			<Option target="&lt;{~None~}&gt;" />
		</Unit>
		<Unit filename="area.cpp">
			<Option virtualFolder="area/" />
		</Unit>
		<Unit filename="area.h">
			<Option virtualFolder="area/" />
		</Unit>
		<Unit filename="gamesystem.cpp">
			<Option virtualFolder="global/" />
		</Unit>
		<Unit filename="gamesystem.h">
			<Option link="1" />
			<Option virtualFolder="global/" />
			<Option target="&lt;{~None~}&gt;" />
		</Unit>
		<Unit filename="generator.cpp">
			<Option virtualFolder="area/" />
		</Unit>
		<Unit filename="generator.h">
			<Option virtualFolder="area/" />
		</Unit>
		<Unit filename="hero.cpp">
			<Option virtualFolder="being/" />
		</Unit>
		<Unit filename="hero.h">
			<Option virtualFolder="being/" />
		</Unit>
		<Unit filename="inputsystem.cpp">
			<Option virtualFolder="global/" />
		</Unit>
		<Unit filename="inputsystem.h">
			<Option link="1" />
			<Option virtualFolder="global/" />
			<Option target="&lt;{~None~}&gt;" />
		</Unit>
		<Unit filename="main.cpp" />
		<Unit filename="resource.cpp">
			<Option virtualFolder="external/" />
		</Unit>
		<Unit filename="resource.h">
			<Option link="1" />
			<Option virtualFolder="external/" />
			<Option target="&lt;{~None~}&gt;" />
		</Unit>
		<Extensions>
			<code_completion />
			<envvars />
			<debugger />
		</Extensions>
	</Project>
</CodeBlocks_project_file>
